
Microsoft Visual Studio Solution File, Format Version 12.00
# Visual Studio Version 17
VisualStudioVersion = 17.11.35219.272
MinimumVisualStudioVersion = 10.0.40219.1
Project("{FAE04EC0-301F-11D3-BF4B-00C04F79EFBC}") = "quanlynhahang", "quanlynhahang.csproj", "{4769FC46-308C-4628-88B7-2BBA1BCA4D8C}"
EndProject
Global
	GlobalSection(SolutionConfigurationPlatforms) = preSolution
		Debug|Any CPU = Debug|Any CPU
		Release|Any CPU = Release|Any CPU
	EndGlobalSection
	GlobalSection(ProjectConfigurationPlatforms) = postSolution
		{4769FC46-308C-4628-88B7-2BBA1BCA4D8C}.Debug|Any CPU.ActiveCfg = Debug|Any CPU
		{4769FC46-308C-4628-88B7-2BBA1BCA4D8C}.Debug|Any CPU.Build.0 = Debug|Any CPU
		{4769FC46-308C-4628-88B7-2BBA1BCA4D8C}.Release|Any CPU.ActiveCfg = Release|Any CPU
		{4769FC46-308C-4628-88B7-2BBA1BCA4D8C}.Release|Any CPU.Build.0 = Release|Any CPU
	EndGlobalSection
	GlobalSection(SolutionProperties) = preSolution
		HideSolutionNode = FALSE
	EndGlobalSection
	GlobalSection(ExtensibilityGlobals) = postSolution
		SolutionGuid = {E10975E6-DDF7-4C15-909F-A4B8C615B3B0}
	EndGlobalSection
EndGlobal
